
Microsoft Visual Studio Solution File, Format Version 12.00
# Visual Studio 2012
Project("{FAE04EC0-301F-11D3-BF4B-00C04F79EFBC}") = "RemoveCows", "RemoveCows.csproj", "{DFD9B136-6555-44BF-AF33-DCB2CFDB68D4}"
EndProject
Global
	GlobalSection(SolutionConfigurationPlatforms) = preSolution
		Debug|Any CPU = Debug|Any CPU
		Release|Any CPU = Release|Any CPU
	EndGlobalSection
	GlobalSection(ProjectConfigurationPlatforms) = postSolution
		{DFD9B136-6555-44BF-AF33-DCB2CFDB68D4}.Debug|Any CPU.ActiveCfg = Debug|Any CPU
		{DFD9B136-6555-44BF-AF33-DCB2CFDB68D4}.Debug|Any CPU.Build.0 = Debug|Any CPU
		{DFD9B136-6555-44BF-AF33-DCB2CFDB68D4}.Release|Any CPU.ActiveCfg = Release|Any CPU
		{DFD9B136-6555-44BF-AF33-DCB2CFDB68D4}.Release|Any CPU.Build.0 = Release|Any CPU
	EndGlobalSection
EndGlobal
